
Microsoft Visual Studio Solution File, Format Version 12.00
# Visual Studio Version 17
VisualStudioVersion = 17.3.32901.215
MinimumVisualStudioVersion = 10.0.40219.1
Project("{FAE04EC0-301F-11D3-BF4B-00C04F79EFBC}") = "FirstConsoleApp", "FirstConsoleApp\FirstConsoleApp.csproj", "{D60B7817-8589-4BB5-9536-4BF31BBCCDC5}"
EndProject
Global
	GlobalSection(SolutionConfigurationPlatforms) = preSolution
		Debug|Any CPU = Debug|Any CPU
		Release|Any CPU = Release|Any CPU
	EndGlobalSection
	GlobalSection(ProjectConfigurationPlatforms) = postSolution
		{D60B7817-8589-4BB5-9536-4BF31BBCCDC5}.Debug|Any CPU.ActiveCfg = Debug|Any CPU
		{D60B7817-8589-4BB5-9536-4BF31BBCCDC5}.Debug|Any CPU.Build.0 = Debug|Any CPU
		{D60B7817-8589-4BB5-9536-4BF31BBCCDC5}.Release|Any CPU.ActiveCfg = Release|Any CPU
		{D60B7817-8589-4BB5-9536-4BF31BBCCDC5}.Release|Any CPU.Build.0 = Release|Any CPU
	EndGlobalSection
	GlobalSection(SolutionProperties) = preSolution
		HideSolutionNode = FALSE
	EndGlobalSection
	GlobalSection(ExtensibilityGlobals) = postSolution
		SolutionGuid = {B969A36E-B219-43E3-B018-A8F03130F4E3}
	EndGlobalSection
EndGlobal
